
Microsoft Visual Studio Solution File, Format Version 12.00
# Visual Studio Version 17
VisualStudioVersion = 17.9.34714.143
MinimumVisualStudioVersion = 10.0.40219.1
Project("{FAE04EC0-301F-11D3-BF4B-00C04F79EFBC}") = "Book Store Website", "Book Store Website\Book Store Website.csproj", "{56C51B7F-A6B2-40B6-AC5E-131EE0D47BEF}"
EndProject
Global
	GlobalSection(SolutionConfigurationPlatforms) = preSolution
		Debug|Any CPU = Debug|Any CPU
		Release|Any CPU = Release|Any CPU
	EndGlobalSection
	GlobalSection(ProjectConfigurationPlatforms) = postSolution
		{56C51B7F-A6B2-40B6-AC5E-131EE0D47BEF}.Debug|Any CPU.ActiveCfg = Debug|Any CPU
		{56C51B7F-A6B2-40B6-AC5E-131EE0D47BEF}.Debug|Any CPU.Build.0 = Debug|Any CPU
		{56C51B7F-A6B2-40B6-AC5E-131EE0D47BEF}.Release|Any CPU.ActiveCfg = Release|Any CPU
		{56C51B7F-A6B2-40B6-AC5E-131EE0D47BEF}.Release|Any CPU.Build.0 = Release|Any CPU
	EndGlobalSection
	GlobalSection(SolutionProperties) = preSolution
		HideSolutionNode = FALSE
	EndGlobalSection
	GlobalSection(ExtensibilityGlobals) = postSolution
		SolutionGuid = {0E1E5E40-FA4E-4646-888C-7C226409DCF2}
	EndGlobalSection
EndGlobal
